
Microsoft Visual Studio Solution File, Format Version 12.00
# Visual Studio Version 17
VisualStudioVersion = 17.7.34031.279
MinimumVisualStudioVersion = 10.0.40219.1
Project("{FAE04EC0-301F-11D3-BF4B-00C04F79EFBC}") = "Practica_4", "Practica_4\Practica_4.csproj", "{470B870B-BA4D-46C4-A4C7-79492A536A71}"
EndProject
Global
	GlobalSection(SolutionConfigurationPlatforms) = preSolution
		Debug|Any CPU = Debug|Any CPU
		Release|Any CPU = Release|Any CPU
	EndGlobalSection
	GlobalSection(ProjectConfigurationPlatforms) = postSolution
		{470B870B-BA4D-46C4-A4C7-79492A536A71}.Debug|Any CPU.ActiveCfg = Debug|Any CPU
		{470B870B-BA4D-46C4-A4C7-79492A536A71}.Debug|Any CPU.Build.0 = Debug|Any CPU
		{470B870B-BA4D-46C4-A4C7-79492A536A71}.Release|Any CPU.ActiveCfg = Release|Any CPU
		{470B870B-BA4D-46C4-A4C7-79492A536A71}.Release|Any CPU.Build.0 = Release|Any CPU
	EndGlobalSection
	GlobalSection(SolutionProperties) = preSolution
		HideSolutionNode = FALSE
	EndGlobalSection
	GlobalSection(ExtensibilityGlobals) = postSolution
		SolutionGuid = {70A0BBBF-DF6D-4A44-8BED-1EE0A0043EF5}
	EndGlobalSection
EndGlobal
